
Microsoft Visual Studio Solution File, Format Version 12.00
# Visual Studio Version 17
VisualStudioVersion = 17.10.35013.160
MinimumVisualStudioVersion = 10.0.40219.1
Project("{9A19103F-16F7-4668-BE54-9A1E7A4F7556}") = "WeatherMicroservice", "WeatherMicroservice\WeatherMicroservice.csproj", "{0A84EF9A-30AD-4B7C-97B0-593C52ACF7E2}"
EndProject
Project("{9A19103F-16F7-4668-BE54-9A1E7A4F7556}") = "APIGateWay", "..\API_Gateway\APIGateWay\APIGateWay.csproj", "{99C19954-D2AB-47B3-8430-D46B34BFDAB5}"
EndProject
Project("{9A19103F-16F7-4668-BE54-9A1E7A4F7556}") = "Authentication", "..\Authentication_Service\Authentication\Authentication.csproj", "{00E65376-EC72-4E22-8A01-F87B2286836C}"
EndProject
Project("{9A19103F-16F7-4668-BE54-9A1E7A4F7556}") = "Favourite_Service", "..\Favourite_Service\Favourite_Service\Favourite_Service.csproj", "{8E0D3BB0-816D-4DAF-B9CD-383413120994}"
EndProject
Project("{9A19103F-16F7-4668-BE54-9A1E7A4F7556}") = "Registration_Service", "..\User_Profile_Service\Registration_Service.csproj", "{FA9E6A88-EA46-453F-A254-8836F48EE282}"
EndProject
Global
	GlobalSection(SolutionConfigurationPlatforms) = preSolution
		Debug|Any CPU = Debug|Any CPU
		Release|Any CPU = Release|Any CPU
	EndGlobalSection
	GlobalSection(ProjectConfigurationPlatforms) = postSolution
		{0A84EF9A-30AD-4B7C-97B0-593C52ACF7E2}.Debug|Any CPU.ActiveCfg = Debug|Any CPU
		{0A84EF9A-30AD-4B7C-97B0-593C52ACF7E2}.Debug|Any CPU.Build.0 = Debug|Any CPU
		{0A84EF9A-30AD-4B7C-97B0-593C52ACF7E2}.Release|Any CPU.ActiveCfg = Release|Any CPU
		{0A84EF9A-30AD-4B7C-97B0-593C52ACF7E2}.Release|Any CPU.Build.0 = Release|Any CPU
		{99C19954-D2AB-47B3-8430-D46B34BFDAB5}.Debug|Any CPU.ActiveCfg = Debug|Any CPU
		{99C19954-D2AB-47B3-8430-D46B34BFDAB5}.Debug|Any CPU.Build.0 = Debug|Any CPU
		{99C19954-D2AB-47B3-8430-D46B34BFDAB5}.Release|Any CPU.ActiveCfg = Release|Any CPU
		{99C19954-D2AB-47B3-8430-D46B34BFDAB5}.Release|Any CPU.Build.0 = Release|Any CPU
		{00E65376-EC72-4E22-8A01-F87B2286836C}.Debug|Any CPU.ActiveCfg = Debug|Any CPU
		{00E65376-EC72-4E22-8A01-F87B2286836C}.Debug|Any CPU.Build.0 = Debug|Any CPU
		{00E65376-EC72-4E22-8A01-F87B2286836C}.Release|Any CPU.ActiveCfg = Release|Any CPU
		{00E65376-EC72-4E22-8A01-F87B2286836C}.Release|Any CPU.Build.0 = Release|Any CPU
		{8E0D3BB0-816D-4DAF-B9CD-383413120994}.Debug|Any CPU.ActiveCfg = Debug|Any CPU
		{8E0D3BB0-816D-4DAF-B9CD-383413120994}.Debug|Any CPU.Build.0 = Debug|Any CPU
		{8E0D3BB0-816D-4DAF-B9CD-383413120994}.Release|Any CPU.ActiveCfg = Release|Any CPU
		{8E0D3BB0-816D-4DAF-B9CD-383413120994}.Release|Any CPU.Build.0 = Release|Any CPU
		{FA9E6A88-EA46-453F-A254-8836F48EE282}.Debug|Any CPU.ActiveCfg = Debug|Any CPU
		{FA9E6A88-EA46-453F-A254-8836F48EE282}.Debug|Any CPU.Build.0 = Debug|Any CPU
		{FA9E6A88-EA46-453F-A254-8836F48EE282}.Release|Any CPU.ActiveCfg = Release|Any CPU
		{FA9E6A88-EA46-453F-A254-8836F48EE282}.Release|Any CPU.Build.0 = Release|Any CPU
	EndGlobalSection
	GlobalSection(SolutionProperties) = preSolution
		HideSolutionNode = FALSE
	EndGlobalSection
	GlobalSection(ExtensibilityGlobals) = postSolution
		SolutionGuid = {DFFF7F81-933A-4360-AFEA-0A9E9D0057C1}
	EndGlobalSection
EndGlobal
