
Microsoft Visual Studio Solution File, Format Version 12.00
# Visual Studio Version 17
VisualStudioVersion = 17.11.35312.102
MinimumVisualStudioVersion = 10.0.40219.1
Project("{9A19103F-16F7-4668-BE54-9A1E7A4F7556}") = "FavouriteService.Tests", "FavouriteService.Tests.csproj", "{D6371C87-2F4B-4FF5-A044-BE73BA1E3EB6}"
EndProject
Global
	GlobalSection(SolutionConfigurationPlatforms) = preSolution
		Debug|Any CPU = Debug|Any CPU
		Release|Any CPU = Release|Any CPU
	EndGlobalSection
	GlobalSection(ProjectConfigurationPlatforms) = postSolution
		{D6371C87-2F4B-4FF5-A044-BE73BA1E3EB6}.Debug|Any CPU.ActiveCfg = Debug|Any CPU
		{D6371C87-2F4B-4FF5-A044-BE73BA1E3EB6}.Debug|Any CPU.Build.0 = Debug|Any CPU
		{D6371C87-2F4B-4FF5-A044-BE73BA1E3EB6}.Release|Any CPU.ActiveCfg = Release|Any CPU
		{D6371C87-2F4B-4FF5-A044-BE73BA1E3EB6}.Release|Any CPU.Build.0 = Release|Any CPU
	EndGlobalSection
	GlobalSection(SolutionProperties) = preSolution
		HideSolutionNode = FALSE
	EndGlobalSection
	GlobalSection(ExtensibilityGlobals) = postSolution
		SolutionGuid = {369185E0-296F-406B-8C4F-3DAD576F12D1}
	EndGlobalSection
EndGlobal
