
Microsoft Visual Studio Solution File, Format Version 12.00
# Visual Studio Version 17
VisualStudioVersion = 17.10.35013.160
MinimumVisualStudioVersion = 10.0.40219.1
Project("{9A19103F-16F7-4668-BE54-9A1E7A4F7556}") = "APIGateWay", "APIGateWay\APIGateWay.csproj", "{58254B20-C990-4308-B263-D56C288D55DD}"
EndProject
Project("{9A19103F-16F7-4668-BE54-9A1E7A4F7556}") = "Authentication", "..\Authentication_Service\Authentication\Authentication.csproj", "{7D5FEC63-89CD-4DBD-82FD-1EFADADDDD1C}"
EndProject
Project("{9A19103F-16F7-4668-BE54-9A1E7A4F7556}") = "Favourite_Service", "..\Favourite_Service\Favourite_Service\Favourite_Service.csproj", "{BD6431E5-F39C-4324-90F2-E0BB637645ED}"
EndProject
Project("{9A19103F-16F7-4668-BE54-9A1E7A4F7556}") = "Registration_Service", "..\User_Profile_Service\Registration_Service.csproj", "{C42A2291-DD61-4A4F-B225-39BB8B1A78CC}"
EndProject
Project("{9A19103F-16F7-4668-BE54-9A1E7A4F7556}") = "WeatherMicroservice", "..\Weather_Service\WeatherMicroservice\WeatherMicroservice.csproj", "{BD486E77-BA9C-45DC-97E5-E8272298CF1C}"
EndProject
Project("{FAE04EC0-301F-11D3-BF4B-00C04F79EFBC}") = "AuthenticationService.Tests", "..\Authentication_Service\AuthenticationService.Tests\AuthenticationService.Tests.csproj", "{881C30B3-86F6-4AC7-8662-8C4F7CEC7B2B}"
EndProject
Project("{FAE04EC0-301F-11D3-BF4B-00C04F79EFBC}") = "FavouriteService.Tests", "..\Favourite_Service\FavouriteService.Tests\FavouriteService.Tests.csproj", "{4917F3BB-1623-44CF-A4B4-B6B59C45853D}"
EndProject
Project("{FAE04EC0-301F-11D3-BF4B-00C04F79EFBC}") = "WeatherMicroservice.Tests", "..\Weather_Service\WeatherMicroservice.Tests\WeatherMicroservice.Tests.csproj", "{14BBD3C6-E923-4B18-9F78-17E5ACBA8CAC}"
EndProject
Global
	GlobalSection(SolutionConfigurationPlatforms) = preSolution
		Debug|Any CPU = Debug|Any CPU
		Release|Any CPU = Release|Any CPU
	EndGlobalSection
	GlobalSection(ProjectConfigurationPlatforms) = postSolution
		{58254B20-C990-4308-B263-D56C288D55DD}.Debug|Any CPU.ActiveCfg = Debug|Any CPU
		{58254B20-C990-4308-B263-D56C288D55DD}.Debug|Any CPU.Build.0 = Debug|Any CPU
		{58254B20-C990-4308-B263-D56C288D55DD}.Release|Any CPU.ActiveCfg = Release|Any CPU
		{58254B20-C990-4308-B263-D56C288D55DD}.Release|Any CPU.Build.0 = Release|Any CPU
		{7D5FEC63-89CD-4DBD-82FD-1EFADADDDD1C}.Debug|Any CPU.ActiveCfg = Debug|Any CPU
		{7D5FEC63-89CD-4DBD-82FD-1EFADADDDD1C}.Debug|Any CPU.Build.0 = Debug|Any CPU
		{7D5FEC63-89CD-4DBD-82FD-1EFADADDDD1C}.Release|Any CPU.ActiveCfg = Release|Any CPU
		{7D5FEC63-89CD-4DBD-82FD-1EFADADDDD1C}.Release|Any CPU.Build.0 = Release|Any CPU
		{BD6431E5-F39C-4324-90F2-E0BB637645ED}.Debug|Any CPU.ActiveCfg = Debug|Any CPU
		{BD6431E5-F39C-4324-90F2-E0BB637645ED}.Debug|Any CPU.Build.0 = Debug|Any CPU
		{BD6431E5-F39C-4324-90F2-E0BB637645ED}.Release|Any CPU.ActiveCfg = Release|Any CPU
		{BD6431E5-F39C-4324-90F2-E0BB637645ED}.Release|Any CPU.Build.0 = Release|Any CPU
		{C42A2291-DD61-4A4F-B225-39BB8B1A78CC}.Debug|Any CPU.ActiveCfg = Debug|Any CPU
		{C42A2291-DD61-4A4F-B225-39BB8B1A78CC}.Debug|Any CPU.Build.0 = Debug|Any CPU
		{C42A2291-DD61-4A4F-B225-39BB8B1A78CC}.Release|Any CPU.ActiveCfg = Release|Any CPU
		{C42A2291-DD61-4A4F-B225-39BB8B1A78CC}.Release|Any CPU.Build.0 = Release|Any CPU
		{BD486E77-BA9C-45DC-97E5-E8272298CF1C}.Debug|Any CPU.ActiveCfg = Debug|Any CPU
		{BD486E77-BA9C-45DC-97E5-E8272298CF1C}.Debug|Any CPU.Build.0 = Debug|Any CPU
		{BD486E77-BA9C-45DC-97E5-E8272298CF1C}.Release|Any CPU.ActiveCfg = Release|Any CPU
		{BD486E77-BA9C-45DC-97E5-E8272298CF1C}.Release|Any CPU.Build.0 = Release|Any CPU
		{881C30B3-86F6-4AC7-8662-8C4F7CEC7B2B}.Debug|Any CPU.ActiveCfg = Debug|Any CPU
		{881C30B3-86F6-4AC7-8662-8C4F7CEC7B2B}.Debug|Any CPU.Build.0 = Debug|Any CPU
		{881C30B3-86F6-4AC7-8662-8C4F7CEC7B2B}.Release|Any CPU.ActiveCfg = Release|Any CPU
		{881C30B3-86F6-4AC7-8662-8C4F7CEC7B2B}.Release|Any CPU.Build.0 = Release|Any CPU
		{4917F3BB-1623-44CF-A4B4-B6B59C45853D}.Debug|Any CPU.ActiveCfg = Debug|Any CPU
		{4917F3BB-1623-44CF-A4B4-B6B59C45853D}.Debug|Any CPU.Build.0 = Debug|Any CPU
		{4917F3BB-1623-44CF-A4B4-B6B59C45853D}.Release|Any CPU.ActiveCfg = Release|Any CPU
		{4917F3BB-1623-44CF-A4B4-B6B59C45853D}.Release|Any CPU.Build.0 = Release|Any CPU
		{14BBD3C6-E923-4B18-9F78-17E5ACBA8CAC}.Debug|Any CPU.ActiveCfg = Debug|Any CPU
		{14BBD3C6-E923-4B18-9F78-17E5ACBA8CAC}.Debug|Any CPU.Build.0 = Debug|Any CPU
		{14BBD3C6-E923-4B18-9F78-17E5ACBA8CAC}.Release|Any CPU.ActiveCfg = Release|Any CPU
		{14BBD3C6-E923-4B18-9F78-17E5ACBA8CAC}.Release|Any CPU.Build.0 = Release|Any CPU
	EndGlobalSection
	GlobalSection(SolutionProperties) = preSolution
		HideSolutionNode = FALSE
	EndGlobalSection
	GlobalSection(ExtensibilityGlobals) = postSolution
		SolutionGuid = {D4C32454-59EE-442C-9F59-CAD3A2A90133}
	EndGlobalSection
EndGlobal
